
Microsoft Visual Studio Solution File, Format Version 12.00
# Visual Studio Version 17
VisualStudioVersion = 17.5.33502.453
MinimumVisualStudioVersion = 10.0.40219.1
Project("{FAE04EC0-301F-11D3-BF4B-00C04F79EFBC}") = "array.sort method", "array.sort method\array.sort method.csproj", "{BD73AF6C-2730-488B-A49D-01813290027A}"
EndProject
Global
	GlobalSection(SolutionConfigurationPlatforms) = preSolution
		Debug|Any CPU = Debug|Any CPU
		Release|Any CPU = Release|Any CPU
	EndGlobalSection
	GlobalSection(ProjectConfigurationPlatforms) = postSolution
		{BD73AF6C-2730-488B-A49D-01813290027A}.Debug|Any CPU.ActiveCfg = Debug|Any CPU
		{BD73AF6C-2730-488B-A49D-01813290027A}.Debug|Any CPU.Build.0 = Debug|Any CPU
		{BD73AF6C-2730-488B-A49D-01813290027A}.Release|Any CPU.ActiveCfg = Release|Any CPU
		{BD73AF6C-2730-488B-A49D-01813290027A}.Release|Any CPU.Build.0 = Release|Any CPU
	EndGlobalSection
	GlobalSection(SolutionProperties) = preSolution
		HideSolutionNode = FALSE
	EndGlobalSection
	GlobalSection(ExtensibilityGlobals) = postSolution
		SolutionGuid = {D0F5E10A-0DF3-49A2-9B82-785949423A22}
	EndGlobalSection
EndGlobal
