
Microsoft Visual Studio Solution File, Format Version 12.00
# Visual Studio Version 17
VisualStudioVersion = 17.5.33502.453
MinimumVisualStudioVersion = 10.0.40219.1
Project("{FAE04EC0-301F-11D3-BF4B-00C04F79EFBC}") = "WebApplication1", "WebApplication1\WebApplication1.csproj", "{ECCD1E12-9320-4B73-8D69-D47D82138068}"
EndProject
Global
	GlobalSection(SolutionConfigurationPlatforms) = preSolution
		Debug|Any CPU = Debug|Any CPU
		Release|Any CPU = Release|Any CPU
	EndGlobalSection
	GlobalSection(ProjectConfigurationPlatforms) = postSolution
		{ECCD1E12-9320-4B73-8D69-D47D82138068}.Debug|Any CPU.ActiveCfg = Debug|Any CPU
		{ECCD1E12-9320-4B73-8D69-D47D82138068}.Debug|Any CPU.Build.0 = Debug|Any CPU
		{ECCD1E12-9320-4B73-8D69-D47D82138068}.Release|Any CPU.ActiveCfg = Release|Any CPU
		{ECCD1E12-9320-4B73-8D69-D47D82138068}.Release|Any CPU.Build.0 = Release|Any CPU
	EndGlobalSection
	GlobalSection(SolutionProperties) = preSolution
		HideSolutionNode = FALSE
	EndGlobalSection
	GlobalSection(ExtensibilityGlobals) = postSolution
		SolutionGuid = {E68C1801-5E88-4743-8A9B-9ED55637C99C}
	EndGlobalSection
EndGlobal
