
Microsoft Visual Studio Solution File, Format Version 12.00
# Visual Studio Version 17
VisualStudioVersion = 17.5.33502.453
MinimumVisualStudioVersion = 10.0.40219.1
Project("{FAE04EC0-301F-11D3-BF4B-00C04F79EFBC}") = "usingdllex", "usingdllex\usingdllex.csproj", "{BD435224-87E9-4322-A8C3-87878E3F5134}"
EndProject
Global
	GlobalSection(SolutionConfigurationPlatforms) = preSolution
		Debug|Any CPU = Debug|Any CPU
		Release|Any CPU = Release|Any CPU
	EndGlobalSection
	GlobalSection(ProjectConfigurationPlatforms) = postSolution
		{BD435224-87E9-4322-A8C3-87878E3F5134}.Debug|Any CPU.ActiveCfg = Debug|Any CPU
		{BD435224-87E9-4322-A8C3-87878E3F5134}.Debug|Any CPU.Build.0 = Debug|Any CPU
		{BD435224-87E9-4322-A8C3-87878E3F5134}.Release|Any CPU.ActiveCfg = Release|Any CPU
		{BD435224-87E9-4322-A8C3-87878E3F5134}.Release|Any CPU.Build.0 = Release|Any CPU
	EndGlobalSection
	GlobalSection(SolutionProperties) = preSolution
		HideSolutionNode = FALSE
	EndGlobalSection
	GlobalSection(ExtensibilityGlobals) = postSolution
		SolutionGuid = {A94B24DC-339A-4CA6-B357-EC0ED39959ED}
	EndGlobalSection
EndGlobal
