
Microsoft Visual Studio Solution File, Format Version 12.00
# Visual Studio Version 17
VisualStudioVersion = 17.5.33502.453
MinimumVisualStudioVersion = 10.0.40219.1
Project("{FAE04EC0-301F-11D3-BF4B-00C04F79EFBC}") = "WebApplication15", "WebApplication15\WebApplication15.csproj", "{FFCD1EA8-E225-474D-8A42-C4815BE336B6}"
EndProject
Global
	GlobalSection(SolutionConfigurationPlatforms) = preSolution
		Debug|Any CPU = Debug|Any CPU
		Release|Any CPU = Release|Any CPU
	EndGlobalSection
	GlobalSection(ProjectConfigurationPlatforms) = postSolution
		{FFCD1EA8-E225-474D-8A42-C4815BE336B6}.Debug|Any CPU.ActiveCfg = Debug|Any CPU
		{FFCD1EA8-E225-474D-8A42-C4815BE336B6}.Debug|Any CPU.Build.0 = Debug|Any CPU
		{FFCD1EA8-E225-474D-8A42-C4815BE336B6}.Release|Any CPU.ActiveCfg = Release|Any CPU
		{FFCD1EA8-E225-474D-8A42-C4815BE336B6}.Release|Any CPU.Build.0 = Release|Any CPU
	EndGlobalSection
	GlobalSection(SolutionProperties) = preSolution
		HideSolutionNode = FALSE
	EndGlobalSection
	GlobalSection(ExtensibilityGlobals) = postSolution
		SolutionGuid = {321DC2A1-E556-492D-92E1-4EDCE81AC853}
	EndGlobalSection
EndGlobal
