
Microsoft Visual Studio Solution File, Format Version 12.00
# Visual Studio Version 17
VisualStudioVersion = 17.5.33502.453
MinimumVisualStudioVersion = 10.0.40219.1
Project("{FAE04EC0-301F-11D3-BF4B-00C04F79EFBC}") = "webex1", "webex1\webex1.csproj", "{3BD63F27-F0F2-4159-A225-B3D7D6D53DF1}"
EndProject
Global
	GlobalSection(SolutionConfigurationPlatforms) = preSolution
		Debug|Any CPU = Debug|Any CPU
		Release|Any CPU = Release|Any CPU
	EndGlobalSection
	GlobalSection(ProjectConfigurationPlatforms) = postSolution
		{3BD63F27-F0F2-4159-A225-B3D7D6D53DF1}.Debug|Any CPU.ActiveCfg = Debug|Any CPU
		{3BD63F27-F0F2-4159-A225-B3D7D6D53DF1}.Debug|Any CPU.Build.0 = Debug|Any CPU
		{3BD63F27-F0F2-4159-A225-B3D7D6D53DF1}.Release|Any CPU.ActiveCfg = Release|Any CPU
		{3BD63F27-F0F2-4159-A225-B3D7D6D53DF1}.Release|Any CPU.Build.0 = Release|Any CPU
	EndGlobalSection
	GlobalSection(SolutionProperties) = preSolution
		HideSolutionNode = FALSE
	EndGlobalSection
	GlobalSection(ExtensibilityGlobals) = postSolution
		SolutionGuid = {684B0A9C-06EF-43F9-AA74-D0BDD3972CE8}
	EndGlobalSection
EndGlobal
