
Microsoft Visual Studio Solution File, Format Version 12.00
# Visual Studio Version 17
VisualStudioVersion = 17.5.33502.453
MinimumVisualStudioVersion = 10.0.40219.1
Project("{FAE04EC0-301F-11D3-BF4B-00C04F79EFBC}") = "adoex1", "adoex1\adoex1.csproj", "{F980EC59-6E39-4294-9EDA-A1EF154998C6}"
EndProject
Global
	GlobalSection(SolutionConfigurationPlatforms) = preSolution
		Debug|Any CPU = Debug|Any CPU
		Release|Any CPU = Release|Any CPU
	EndGlobalSection
	GlobalSection(ProjectConfigurationPlatforms) = postSolution
		{F980EC59-6E39-4294-9EDA-A1EF154998C6}.Debug|Any CPU.ActiveCfg = Debug|Any CPU
		{F980EC59-6E39-4294-9EDA-A1EF154998C6}.Debug|Any CPU.Build.0 = Debug|Any CPU
		{F980EC59-6E39-4294-9EDA-A1EF154998C6}.Release|Any CPU.ActiveCfg = Release|Any CPU
		{F980EC59-6E39-4294-9EDA-A1EF154998C6}.Release|Any CPU.Build.0 = Release|Any CPU
	EndGlobalSection
	GlobalSection(SolutionProperties) = preSolution
		HideSolutionNode = FALSE
	EndGlobalSection
	GlobalSection(ExtensibilityGlobals) = postSolution
		SolutionGuid = {5E95934F-8749-4896-8080-051FD40F9382}
	EndGlobalSection
EndGlobal
