
Microsoft Visual Studio Solution File, Format Version 12.00
# Visual Studio Version 17
VisualStudioVersion = 17.5.33502.453
MinimumVisualStudioVersion = 10.0.40219.1
Project("{FAE04EC0-301F-11D3-BF4B-00C04F79EFBC}") = "aggrigation example", "aggrigation example\aggrigation example.csproj", "{B2CFE25A-CD1A-44F7-B556-4A38E8D7FABA}"
EndProject
Global
	GlobalSection(SolutionConfigurationPlatforms) = preSolution
		Debug|Any CPU = Debug|Any CPU
		Release|Any CPU = Release|Any CPU
	EndGlobalSection
	GlobalSection(ProjectConfigurationPlatforms) = postSolution
		{B2CFE25A-CD1A-44F7-B556-4A38E8D7FABA}.Debug|Any CPU.ActiveCfg = Debug|Any CPU
		{B2CFE25A-CD1A-44F7-B556-4A38E8D7FABA}.Debug|Any CPU.Build.0 = Debug|Any CPU
		{B2CFE25A-CD1A-44F7-B556-4A38E8D7FABA}.Release|Any CPU.ActiveCfg = Release|Any CPU
		{B2CFE25A-CD1A-44F7-B556-4A38E8D7FABA}.Release|Any CPU.Build.0 = Release|Any CPU
	EndGlobalSection
	GlobalSection(SolutionProperties) = preSolution
		HideSolutionNode = FALSE
	EndGlobalSection
	GlobalSection(ExtensibilityGlobals) = postSolution
		SolutionGuid = {0E091C4E-76BF-4A78-B328-2FA0DCE560FE}
	EndGlobalSection
EndGlobal
