
Microsoft Visual Studio Solution File, Format Version 12.00
# Visual Studio Version 17
VisualStudioVersion = 17.5.33502.453
MinimumVisualStudioVersion = 10.0.40219.1
Project("{FAE04EC0-301F-11D3-BF4B-00C04F79EFBC}") = "WebApplication6", "WebApplication6\WebApplication6.csproj", "{B2C238FE-3FA9-4EB1-9DA5-269CA7DC98A6}"
EndProject
Global
	GlobalSection(SolutionConfigurationPlatforms) = preSolution
		Debug|Any CPU = Debug|Any CPU
		Release|Any CPU = Release|Any CPU
	EndGlobalSection
	GlobalSection(ProjectConfigurationPlatforms) = postSolution
		{B2C238FE-3FA9-4EB1-9DA5-269CA7DC98A6}.Debug|Any CPU.ActiveCfg = Debug|Any CPU
		{B2C238FE-3FA9-4EB1-9DA5-269CA7DC98A6}.Debug|Any CPU.Build.0 = Debug|Any CPU
		{B2C238FE-3FA9-4EB1-9DA5-269CA7DC98A6}.Release|Any CPU.ActiveCfg = Release|Any CPU
		{B2C238FE-3FA9-4EB1-9DA5-269CA7DC98A6}.Release|Any CPU.Build.0 = Release|Any CPU
	EndGlobalSection
	GlobalSection(SolutionProperties) = preSolution
		HideSolutionNode = FALSE
	EndGlobalSection
	GlobalSection(ExtensibilityGlobals) = postSolution
		SolutionGuid = {19DE824C-3067-4B5F-ACFD-3B6FA86B89F7}
	EndGlobalSection
EndGlobal
