
Microsoft Visual Studio Solution File, Format Version 12.00
# Visual Studio Version 17
VisualStudioVersion = 17.5.33502.453
MinimumVisualStudioVersion = 10.0.40219.1
Project("{FAE04EC0-301F-11D3-BF4B-00C04F79EFBC}") = "1-20 prime number", "1-20 prime number\1-20 prime number.csproj", "{701AED18-CBF2-464D-A229-75F2F8DBEC04}"
EndProject
Global
	GlobalSection(SolutionConfigurationPlatforms) = preSolution
		Debug|Any CPU = Debug|Any CPU
		Release|Any CPU = Release|Any CPU
	EndGlobalSection
	GlobalSection(ProjectConfigurationPlatforms) = postSolution
		{701AED18-CBF2-464D-A229-75F2F8DBEC04}.Debug|Any CPU.ActiveCfg = Debug|Any CPU
		{701AED18-CBF2-464D-A229-75F2F8DBEC04}.Debug|Any CPU.Build.0 = Debug|Any CPU
		{701AED18-CBF2-464D-A229-75F2F8DBEC04}.Release|Any CPU.ActiveCfg = Release|Any CPU
		{701AED18-CBF2-464D-A229-75F2F8DBEC04}.Release|Any CPU.Build.0 = Release|Any CPU
	EndGlobalSection
	GlobalSection(SolutionProperties) = preSolution
		HideSolutionNode = FALSE
	EndGlobalSection
	GlobalSection(ExtensibilityGlobals) = postSolution
		SolutionGuid = {C7686119-AFAD-482C-9AF6-F0F6B9298218}
	EndGlobalSection
EndGlobal
