
Microsoft Visual Studio Solution File, Format Version 12.00
# Visual Studio Version 17
VisualStudioVersion = 17.5.33502.453
MinimumVisualStudioVersion = 10.0.40219.1
Project("{FAE04EC0-301F-11D3-BF4B-00C04F79EFBC}") = "kycform", "kycform\kycform.csproj", "{DB5DC496-4A84-4523-BD3B-2C3124A3A8A9}"
EndProject
Global
	GlobalSection(SolutionConfigurationPlatforms) = preSolution
		Debug|Any CPU = Debug|Any CPU
		Release|Any CPU = Release|Any CPU
	EndGlobalSection
	GlobalSection(ProjectConfigurationPlatforms) = postSolution
		{DB5DC496-4A84-4523-BD3B-2C3124A3A8A9}.Debug|Any CPU.ActiveCfg = Debug|Any CPU
		{DB5DC496-4A84-4523-BD3B-2C3124A3A8A9}.Debug|Any CPU.Build.0 = Debug|Any CPU
		{DB5DC496-4A84-4523-BD3B-2C3124A3A8A9}.Release|Any CPU.ActiveCfg = Release|Any CPU
		{DB5DC496-4A84-4523-BD3B-2C3124A3A8A9}.Release|Any CPU.Build.0 = Release|Any CPU
	EndGlobalSection
	GlobalSection(SolutionProperties) = preSolution
		HideSolutionNode = FALSE
	EndGlobalSection
	GlobalSection(ExtensibilityGlobals) = postSolution
		SolutionGuid = {A5249711-F689-458B-A13D-7683BC719655}
	EndGlobalSection
EndGlobal
