
Microsoft Visual Studio Solution File, Format Version 12.00
# Visual Studio Version 17
VisualStudioVersion = 17.5.33502.453
MinimumVisualStudioVersion = 10.0.40219.1
Project("{FAE04EC0-301F-11D3-BF4B-00C04F79EFBC}") = "method  with parameter and not returning value", "method  with parameter and not returning value\method  with parameter and not returning value.csproj", "{3C385475-DBB6-44CD-800A-E28A9B8B51B5}"
EndProject
Global
	GlobalSection(SolutionConfigurationPlatforms) = preSolution
		Debug|Any CPU = Debug|Any CPU
		Release|Any CPU = Release|Any CPU
	EndGlobalSection
	GlobalSection(ProjectConfigurationPlatforms) = postSolution
		{3C385475-DBB6-44CD-800A-E28A9B8B51B5}.Debug|Any CPU.ActiveCfg = Debug|Any CPU
		{3C385475-DBB6-44CD-800A-E28A9B8B51B5}.Debug|Any CPU.Build.0 = Debug|Any CPU
		{3C385475-DBB6-44CD-800A-E28A9B8B51B5}.Release|Any CPU.ActiveCfg = Release|Any CPU
		{3C385475-DBB6-44CD-800A-E28A9B8B51B5}.Release|Any CPU.Build.0 = Release|Any CPU
	EndGlobalSection
	GlobalSection(SolutionProperties) = preSolution
		HideSolutionNode = FALSE
	EndGlobalSection
	GlobalSection(ExtensibilityGlobals) = postSolution
		SolutionGuid = {EEA174EA-EC20-44C6-81D8-2410CB4E6B0A}
	EndGlobalSection
EndGlobal
