
Microsoft Visual Studio Solution File, Format Version 12.00
# Visual Studio Version 17
VisualStudioVersion = 17.5.33502.453
MinimumVisualStudioVersion = 10.0.40219.1
Project("{FAE04EC0-301F-11D3-BF4B-00C04F79EFBC}") = "WebApplication9", "WebApplication9\WebApplication9.csproj", "{965CD7F6-0679-44A8-A755-09952651ACCB}"
EndProject
Global
	GlobalSection(SolutionConfigurationPlatforms) = preSolution
		Debug|Any CPU = Debug|Any CPU
		Release|Any CPU = Release|Any CPU
	EndGlobalSection
	GlobalSection(ProjectConfigurationPlatforms) = postSolution
		{965CD7F6-0679-44A8-A755-09952651ACCB}.Debug|Any CPU.ActiveCfg = Debug|Any CPU
		{965CD7F6-0679-44A8-A755-09952651ACCB}.Debug|Any CPU.Build.0 = Debug|Any CPU
		{965CD7F6-0679-44A8-A755-09952651ACCB}.Release|Any CPU.ActiveCfg = Release|Any CPU
		{965CD7F6-0679-44A8-A755-09952651ACCB}.Release|Any CPU.Build.0 = Release|Any CPU
	EndGlobalSection
	GlobalSection(SolutionProperties) = preSolution
		HideSolutionNode = FALSE
	EndGlobalSection
	GlobalSection(ExtensibilityGlobals) = postSolution
		SolutionGuid = {D6807CD6-3EB3-4F8A-8CD0-A1688D22B5A2}
	EndGlobalSection
EndGlobal
