
Microsoft Visual Studio Solution File, Format Version 12.00
# Visual Studio Version 17
VisualStudioVersion = 17.5.33502.453
MinimumVisualStudioVersion = 10.0.40219.1
Project("{FAE04EC0-301F-11D3-BF4B-00C04F79EFBC}") = "validationpro1", "validationpro1\validationpro1.csproj", "{3A3567AA-7865-4345-AF79-A22D701E2D2E}"
EndProject
Global
	GlobalSection(SolutionConfigurationPlatforms) = preSolution
		Debug|Any CPU = Debug|Any CPU
		Release|Any CPU = Release|Any CPU
	EndGlobalSection
	GlobalSection(ProjectConfigurationPlatforms) = postSolution
		{3A3567AA-7865-4345-AF79-A22D701E2D2E}.Debug|Any CPU.ActiveCfg = Debug|Any CPU
		{3A3567AA-7865-4345-AF79-A22D701E2D2E}.Debug|Any CPU.Build.0 = Debug|Any CPU
		{3A3567AA-7865-4345-AF79-A22D701E2D2E}.Release|Any CPU.ActiveCfg = Release|Any CPU
		{3A3567AA-7865-4345-AF79-A22D701E2D2E}.Release|Any CPU.Build.0 = Release|Any CPU
	EndGlobalSection
	GlobalSection(SolutionProperties) = preSolution
		HideSolutionNode = FALSE
	EndGlobalSection
	GlobalSection(ExtensibilityGlobals) = postSolution
		SolutionGuid = {F967697F-3215-4622-978A-BE203032597E}
	EndGlobalSection
EndGlobal
