
Microsoft Visual Studio Solution File, Format Version 12.00
# Visual Studio Version 17
VisualStudioVersion = 17.5.33502.453
MinimumVisualStudioVersion = 10.0.40219.1
Project("{FAE04EC0-301F-11D3-BF4B-00C04F79EFBC}") = "oddeven", "oddeven\oddeven.csproj", "{9519B4D5-F2C2-4075-85C7-DAA8DA14844B}"
EndProject
Global
	GlobalSection(SolutionConfigurationPlatforms) = preSolution
		Debug|Any CPU = Debug|Any CPU
		Release|Any CPU = Release|Any CPU
	EndGlobalSection
	GlobalSection(ProjectConfigurationPlatforms) = postSolution
		{9519B4D5-F2C2-4075-85C7-DAA8DA14844B}.Debug|Any CPU.ActiveCfg = Debug|Any CPU
		{9519B4D5-F2C2-4075-85C7-DAA8DA14844B}.Debug|Any CPU.Build.0 = Debug|Any CPU
		{9519B4D5-F2C2-4075-85C7-DAA8DA14844B}.Release|Any CPU.ActiveCfg = Release|Any CPU
		{9519B4D5-F2C2-4075-85C7-DAA8DA14844B}.Release|Any CPU.Build.0 = Release|Any CPU
	EndGlobalSection
	GlobalSection(SolutionProperties) = preSolution
		HideSolutionNode = FALSE
	EndGlobalSection
	GlobalSection(ExtensibilityGlobals) = postSolution
		SolutionGuid = {F42F0F3C-491D-4BF7-B5EB-3009486892EF}
	EndGlobalSection
EndGlobal
