
Microsoft Visual Studio Solution File, Format Version 12.00
# Visual Studio Version 17
VisualStudioVersion = 17.5.33502.453
MinimumVisualStudioVersion = 10.0.40219.1
Project("{FAE04EC0-301F-11D3-BF4B-00C04F79EFBC}") = "textboxexample", "textboxexample\textboxexample.csproj", "{3EB88017-D684-48F4-A988-523E4D0FD8CE}"
EndProject
Global
	GlobalSection(SolutionConfigurationPlatforms) = preSolution
		Debug|Any CPU = Debug|Any CPU
		Release|Any CPU = Release|Any CPU
	EndGlobalSection
	GlobalSection(ProjectConfigurationPlatforms) = postSolution
		{3EB88017-D684-48F4-A988-523E4D0FD8CE}.Debug|Any CPU.ActiveCfg = Debug|Any CPU
		{3EB88017-D684-48F4-A988-523E4D0FD8CE}.Debug|Any CPU.Build.0 = Debug|Any CPU
		{3EB88017-D684-48F4-A988-523E4D0FD8CE}.Release|Any CPU.ActiveCfg = Release|Any CPU
		{3EB88017-D684-48F4-A988-523E4D0FD8CE}.Release|Any CPU.Build.0 = Release|Any CPU
	EndGlobalSection
	GlobalSection(SolutionProperties) = preSolution
		HideSolutionNode = FALSE
	EndGlobalSection
	GlobalSection(ExtensibilityGlobals) = postSolution
		SolutionGuid = {097D0186-C847-4C7F-8662-4912859E2840}
	EndGlobalSection
EndGlobal
