
Microsoft Visual Studio Solution File, Format Version 12.00
# Visual Studio Version 17
VisualStudioVersion = 17.5.33502.453
MinimumVisualStudioVersion = 10.0.40219.1
Project("{FAE04EC0-301F-11D3-BF4B-00C04F79EFBC}") = "WebApplication12", "WebApplication12\WebApplication12.csproj", "{A7143C5C-2C6A-47BA-8918-7B3D6D1C686E}"
EndProject
Global
	GlobalSection(SolutionConfigurationPlatforms) = preSolution
		Debug|Any CPU = Debug|Any CPU
		Release|Any CPU = Release|Any CPU
	EndGlobalSection
	GlobalSection(ProjectConfigurationPlatforms) = postSolution
		{A7143C5C-2C6A-47BA-8918-7B3D6D1C686E}.Debug|Any CPU.ActiveCfg = Debug|Any CPU
		{A7143C5C-2C6A-47BA-8918-7B3D6D1C686E}.Debug|Any CPU.Build.0 = Debug|Any CPU
		{A7143C5C-2C6A-47BA-8918-7B3D6D1C686E}.Release|Any CPU.ActiveCfg = Release|Any CPU
		{A7143C5C-2C6A-47BA-8918-7B3D6D1C686E}.Release|Any CPU.Build.0 = Release|Any CPU
	EndGlobalSection
	GlobalSection(SolutionProperties) = preSolution
		HideSolutionNode = FALSE
	EndGlobalSection
	GlobalSection(ExtensibilityGlobals) = postSolution
		SolutionGuid = {15FB709B-03AE-4059-9EDE-615DF3461E78}
	EndGlobalSection
EndGlobal
