
Microsoft Visual Studio Solution File, Format Version 12.00
# Visual Studio Version 17
VisualStudioVersion = 17.5.33502.453
MinimumVisualStudioVersion = 10.0.40219.1
Project("{FAE04EC0-301F-11D3-BF4B-00C04F79EFBC}") = "WebApplication3", "WebApplication3\WebApplication3.csproj", "{2663FB65-27D5-460C-8AFE-3D00624F06EE}"
EndProject
Global
	GlobalSection(SolutionConfigurationPlatforms) = preSolution
		Debug|Any CPU = Debug|Any CPU
		Release|Any CPU = Release|Any CPU
	EndGlobalSection
	GlobalSection(ProjectConfigurationPlatforms) = postSolution
		{2663FB65-27D5-460C-8AFE-3D00624F06EE}.Debug|Any CPU.ActiveCfg = Debug|Any CPU
		{2663FB65-27D5-460C-8AFE-3D00624F06EE}.Debug|Any CPU.Build.0 = Debug|Any CPU
		{2663FB65-27D5-460C-8AFE-3D00624F06EE}.Release|Any CPU.ActiveCfg = Release|Any CPU
		{2663FB65-27D5-460C-8AFE-3D00624F06EE}.Release|Any CPU.Build.0 = Release|Any CPU
	EndGlobalSection
	GlobalSection(SolutionProperties) = preSolution
		HideSolutionNode = FALSE
	EndGlobalSection
	GlobalSection(ExtensibilityGlobals) = postSolution
		SolutionGuid = {457AB8C9-F307-487F-8FD7-8F8EDE850779}
	EndGlobalSection
EndGlobal
