
Microsoft Visual Studio Solution File, Format Version 12.00
# Visual Studio Version 17
VisualStudioVersion = 17.5.33502.453
MinimumVisualStudioVersion = 10.0.40219.1
Project("{FAE04EC0-301F-11D3-BF4B-00C04F79EFBC}") = "curd", "curd\curd.csproj", "{1EFA9B53-660B-4AD6-9FF7-A467F3BDA720}"
EndProject
Global
	GlobalSection(SolutionConfigurationPlatforms) = preSolution
		Debug|Any CPU = Debug|Any CPU
		Release|Any CPU = Release|Any CPU
	EndGlobalSection
	GlobalSection(ProjectConfigurationPlatforms) = postSolution
		{1EFA9B53-660B-4AD6-9FF7-A467F3BDA720}.Debug|Any CPU.ActiveCfg = Debug|Any CPU
		{1EFA9B53-660B-4AD6-9FF7-A467F3BDA720}.Debug|Any CPU.Build.0 = Debug|Any CPU
		{1EFA9B53-660B-4AD6-9FF7-A467F3BDA720}.Release|Any CPU.ActiveCfg = Release|Any CPU
		{1EFA9B53-660B-4AD6-9FF7-A467F3BDA720}.Release|Any CPU.Build.0 = Release|Any CPU
	EndGlobalSection
	GlobalSection(SolutionProperties) = preSolution
		HideSolutionNode = FALSE
	EndGlobalSection
	GlobalSection(ExtensibilityGlobals) = postSolution
		SolutionGuid = {4666F512-2CAF-479E-8A17-65EB1859FA1A}
	EndGlobalSection
EndGlobal
