
Microsoft Visual Studio Solution File, Format Version 12.00
# Visual Studio Version 17
VisualStudioVersion = 17.5.33502.453
MinimumVisualStudioVersion = 10.0.40219.1
Project("{FAE04EC0-301F-11D3-BF4B-00C04F79EFBC}") = "enum example-1", "enum example-1\enum example-1.csproj", "{DB7ABBE1-D36A-4957-8CBB-B7293D21AA99}"
EndProject
Global
	GlobalSection(SolutionConfigurationPlatforms) = preSolution
		Debug|Any CPU = Debug|Any CPU
		Release|Any CPU = Release|Any CPU
	EndGlobalSection
	GlobalSection(ProjectConfigurationPlatforms) = postSolution
		{DB7ABBE1-D36A-4957-8CBB-B7293D21AA99}.Debug|Any CPU.ActiveCfg = Debug|Any CPU
		{DB7ABBE1-D36A-4957-8CBB-B7293D21AA99}.Debug|Any CPU.Build.0 = Debug|Any CPU
		{DB7ABBE1-D36A-4957-8CBB-B7293D21AA99}.Release|Any CPU.ActiveCfg = Release|Any CPU
		{DB7ABBE1-D36A-4957-8CBB-B7293D21AA99}.Release|Any CPU.Build.0 = Release|Any CPU
	EndGlobalSection
	GlobalSection(SolutionProperties) = preSolution
		HideSolutionNode = FALSE
	EndGlobalSection
	GlobalSection(ExtensibilityGlobals) = postSolution
		SolutionGuid = {14FDF83D-CD25-4743-AD6A-A2F5F5D544CB}
	EndGlobalSection
EndGlobal
