
Microsoft Visual Studio Solution File, Format Version 12.00
# Visual Studio Version 17
VisualStudioVersion = 17.5.33502.453
MinimumVisualStudioVersion = 10.0.40219.1
Project("{FAE04EC0-301F-11D3-BF4B-00C04F79EFBC}") = "finnaly exception", "finnaly exception\finnaly exception.csproj", "{EBBFC501-232D-438D-8788-149EC75863FA}"
EndProject
Global
	GlobalSection(SolutionConfigurationPlatforms) = preSolution
		Debug|Any CPU = Debug|Any CPU
		Release|Any CPU = Release|Any CPU
	EndGlobalSection
	GlobalSection(ProjectConfigurationPlatforms) = postSolution
		{EBBFC501-232D-438D-8788-149EC75863FA}.Debug|Any CPU.ActiveCfg = Debug|Any CPU
		{EBBFC501-232D-438D-8788-149EC75863FA}.Debug|Any CPU.Build.0 = Debug|Any CPU
		{EBBFC501-232D-438D-8788-149EC75863FA}.Release|Any CPU.ActiveCfg = Release|Any CPU
		{EBBFC501-232D-438D-8788-149EC75863FA}.Release|Any CPU.Build.0 = Release|Any CPU
	EndGlobalSection
	GlobalSection(SolutionProperties) = preSolution
		HideSolutionNode = FALSE
	EndGlobalSection
	GlobalSection(ExtensibilityGlobals) = postSolution
		SolutionGuid = {7F9D70AA-0457-4236-B06D-026E3FC84CB9}
	EndGlobalSection
EndGlobal
