
Microsoft Visual Studio Solution File, Format Version 12.00
# Visual Studio Version 17
VisualStudioVersion = 17.5.33502.453
MinimumVisualStudioVersion = 10.0.40219.1
Project("{FAE04EC0-301F-11D3-BF4B-00C04F79EFBC}") = "calculation with the help of goto", "calculation with the help of goto\calculation with the help of goto.csproj", "{00B3B127-4A5C-4510-82D4-E9857581E567}"
EndProject
Global
	GlobalSection(SolutionConfigurationPlatforms) = preSolution
		Debug|Any CPU = Debug|Any CPU
		Release|Any CPU = Release|Any CPU
	EndGlobalSection
	GlobalSection(ProjectConfigurationPlatforms) = postSolution
		{00B3B127-4A5C-4510-82D4-E9857581E567}.Debug|Any CPU.ActiveCfg = Debug|Any CPU
		{00B3B127-4A5C-4510-82D4-E9857581E567}.Debug|Any CPU.Build.0 = Debug|Any CPU
		{00B3B127-4A5C-4510-82D4-E9857581E567}.Release|Any CPU.ActiveCfg = Release|Any CPU
		{00B3B127-4A5C-4510-82D4-E9857581E567}.Release|Any CPU.Build.0 = Release|Any CPU
	EndGlobalSection
	GlobalSection(SolutionProperties) = preSolution
		HideSolutionNode = FALSE
	EndGlobalSection
	GlobalSection(ExtensibilityGlobals) = postSolution
		SolutionGuid = {1C0E8C76-0698-4570-B385-D1F3A00B583D}
	EndGlobalSection
EndGlobal
