
Microsoft Visual Studio Solution File, Format Version 12.00
# Visual Studio Version 17
VisualStudioVersion = 17.5.33502.453
MinimumVisualStudioVersion = 10.0.40219.1
Project("{FAE04EC0-301F-11D3-BF4B-00C04F79EFBC}") = "pro2", "pro2\pro2.csproj", "{04295E30-ED8D-44F5-B1FB-10B8E2FE3EC6}"
EndProject
Global
	GlobalSection(SolutionConfigurationPlatforms) = preSolution
		Debug|Any CPU = Debug|Any CPU
		Release|Any CPU = Release|Any CPU
	EndGlobalSection
	GlobalSection(ProjectConfigurationPlatforms) = postSolution
		{04295E30-ED8D-44F5-B1FB-10B8E2FE3EC6}.Debug|Any CPU.ActiveCfg = Debug|Any CPU
		{04295E30-ED8D-44F5-B1FB-10B8E2FE3EC6}.Debug|Any CPU.Build.0 = Debug|Any CPU
		{04295E30-ED8D-44F5-B1FB-10B8E2FE3EC6}.Release|Any CPU.ActiveCfg = Release|Any CPU
		{04295E30-ED8D-44F5-B1FB-10B8E2FE3EC6}.Release|Any CPU.Build.0 = Release|Any CPU
	EndGlobalSection
	GlobalSection(SolutionProperties) = preSolution
		HideSolutionNode = FALSE
	EndGlobalSection
	GlobalSection(ExtensibilityGlobals) = postSolution
		SolutionGuid = {A387B9A8-0A04-4EEF-9B8F-C7745A2D133A}
	EndGlobalSection
EndGlobal
