
Microsoft Visual Studio Solution File, Format Version 12.00
# Visual Studio Version 17
VisualStudioVersion = 17.5.33502.453
MinimumVisualStudioVersion = 10.0.40219.1
Project("{FAE04EC0-301F-11D3-BF4B-00C04F79EFBC}") = "Method of overloading", "Method of overloading\Method of overloading.csproj", "{9940E3A7-10FA-49CA-82E3-0C504D73CAE7}"
EndProject
Global
	GlobalSection(SolutionConfigurationPlatforms) = preSolution
		Debug|Any CPU = Debug|Any CPU
		Release|Any CPU = Release|Any CPU
	EndGlobalSection
	GlobalSection(ProjectConfigurationPlatforms) = postSolution
		{9940E3A7-10FA-49CA-82E3-0C504D73CAE7}.Debug|Any CPU.ActiveCfg = Debug|Any CPU
		{9940E3A7-10FA-49CA-82E3-0C504D73CAE7}.Debug|Any CPU.Build.0 = Debug|Any CPU
		{9940E3A7-10FA-49CA-82E3-0C504D73CAE7}.Release|Any CPU.ActiveCfg = Release|Any CPU
		{9940E3A7-10FA-49CA-82E3-0C504D73CAE7}.Release|Any CPU.Build.0 = Release|Any CPU
	EndGlobalSection
	GlobalSection(SolutionProperties) = preSolution
		HideSolutionNode = FALSE
	EndGlobalSection
	GlobalSection(ExtensibilityGlobals) = postSolution
		SolutionGuid = {1D1A009C-EE58-4DF2-AD83-70D672BBDA5D}
	EndGlobalSection
EndGlobal
