
Microsoft Visual Studio Solution File, Format Version 12.00
# Visual Studio Version 17
VisualStudioVersion = 17.5.33502.453
MinimumVisualStudioVersion = 10.0.40219.1
Project("{FAE04EC0-301F-11D3-BF4B-00C04F79EFBC}") = "project2fen", "project2fen\project2fen.csproj", "{17FACCCA-CF1A-45BF-B149-E8B09BD35203}"
EndProject
Global
	GlobalSection(SolutionConfigurationPlatforms) = preSolution
		Debug|Any CPU = Debug|Any CPU
		Release|Any CPU = Release|Any CPU
	EndGlobalSection
	GlobalSection(ProjectConfigurationPlatforms) = postSolution
		{17FACCCA-CF1A-45BF-B149-E8B09BD35203}.Debug|Any CPU.ActiveCfg = Debug|Any CPU
		{17FACCCA-CF1A-45BF-B149-E8B09BD35203}.Debug|Any CPU.Build.0 = Debug|Any CPU
		{17FACCCA-CF1A-45BF-B149-E8B09BD35203}.Release|Any CPU.ActiveCfg = Release|Any CPU
		{17FACCCA-CF1A-45BF-B149-E8B09BD35203}.Release|Any CPU.Build.0 = Release|Any CPU
	EndGlobalSection
	GlobalSection(SolutionProperties) = preSolution
		HideSolutionNode = FALSE
	EndGlobalSection
	GlobalSection(ExtensibilityGlobals) = postSolution
		SolutionGuid = {9906F6E6-9305-48F0-9394-EB6BBA30BA0A}
	EndGlobalSection
EndGlobal
