
Microsoft Visual Studio Solution File, Format Version 12.00
# Visual Studio Version 17
VisualStudioVersion = 17.5.33502.453
MinimumVisualStudioVersion = 10.0.40219.1
Project("{FAE04EC0-301F-11D3-BF4B-00C04F79EFBC}") = "dropdown", "dropdown\dropdown.csproj", "{F88DF854-CEA1-4A75-B6F5-D60C952F4214}"
EndProject
Global
	GlobalSection(SolutionConfigurationPlatforms) = preSolution
		Debug|Any CPU = Debug|Any CPU
		Release|Any CPU = Release|Any CPU
	EndGlobalSection
	GlobalSection(ProjectConfigurationPlatforms) = postSolution
		{F88DF854-CEA1-4A75-B6F5-D60C952F4214}.Debug|Any CPU.ActiveCfg = Debug|Any CPU
		{F88DF854-CEA1-4A75-B6F5-D60C952F4214}.Debug|Any CPU.Build.0 = Debug|Any CPU
		{F88DF854-CEA1-4A75-B6F5-D60C952F4214}.Release|Any CPU.ActiveCfg = Release|Any CPU
		{F88DF854-CEA1-4A75-B6F5-D60C952F4214}.Release|Any CPU.Build.0 = Release|Any CPU
	EndGlobalSection
	GlobalSection(SolutionProperties) = preSolution
		HideSolutionNode = FALSE
	EndGlobalSection
	GlobalSection(ExtensibilityGlobals) = postSolution
		SolutionGuid = {CDFFC2CF-4263-4386-A006-123F986A76C1}
	EndGlobalSection
EndGlobal
