
Microsoft Visual Studio Solution File, Format Version 12.00
# Visual Studio Version 17
VisualStudioVersion = 17.5.33502.453
MinimumVisualStudioVersion = 10.0.40219.1
Project("{FAE04EC0-301F-11D3-BF4B-00C04F79EFBC}") = "WebApplication5", "WebApplication5\WebApplication5.csproj", "{23BBD4B2-0A46-4AD7-B570-CF4C8691CCD8}"
EndProject
Global
	GlobalSection(SolutionConfigurationPlatforms) = preSolution
		Debug|Any CPU = Debug|Any CPU
		Release|Any CPU = Release|Any CPU
	EndGlobalSection
	GlobalSection(ProjectConfigurationPlatforms) = postSolution
		{23BBD4B2-0A46-4AD7-B570-CF4C8691CCD8}.Debug|Any CPU.ActiveCfg = Debug|Any CPU
		{23BBD4B2-0A46-4AD7-B570-CF4C8691CCD8}.Debug|Any CPU.Build.0 = Debug|Any CPU
		{23BBD4B2-0A46-4AD7-B570-CF4C8691CCD8}.Release|Any CPU.ActiveCfg = Release|Any CPU
		{23BBD4B2-0A46-4AD7-B570-CF4C8691CCD8}.Release|Any CPU.Build.0 = Release|Any CPU
	EndGlobalSection
	GlobalSection(SolutionProperties) = preSolution
		HideSolutionNode = FALSE
	EndGlobalSection
	GlobalSection(ExtensibilityGlobals) = postSolution
		SolutionGuid = {B4A6A7BA-DC5C-47D6-B0C6-838620C0A7BE}
	EndGlobalSection
EndGlobal
