
Microsoft Visual Studio Solution File, Format Version 12.00
# Visual Studio Version 17
VisualStudioVersion = 17.5.33502.453
MinimumVisualStudioVersion = 10.0.40219.1
Project("{FAE04EC0-301F-11D3-BF4B-00C04F79EFBC}") = "WebApplication8", "WebApplication8\WebApplication8.csproj", "{A3FB49FD-1A60-477D-82A6-35FCA1E60EB7}"
EndProject
Global
	GlobalSection(SolutionConfigurationPlatforms) = preSolution
		Debug|Any CPU = Debug|Any CPU
		Release|Any CPU = Release|Any CPU
	EndGlobalSection
	GlobalSection(ProjectConfigurationPlatforms) = postSolution
		{A3FB49FD-1A60-477D-82A6-35FCA1E60EB7}.Debug|Any CPU.ActiveCfg = Debug|Any CPU
		{A3FB49FD-1A60-477D-82A6-35FCA1E60EB7}.Debug|Any CPU.Build.0 = Debug|Any CPU
		{A3FB49FD-1A60-477D-82A6-35FCA1E60EB7}.Release|Any CPU.ActiveCfg = Release|Any CPU
		{A3FB49FD-1A60-477D-82A6-35FCA1E60EB7}.Release|Any CPU.Build.0 = Release|Any CPU
	EndGlobalSection
	GlobalSection(SolutionProperties) = preSolution
		HideSolutionNode = FALSE
	EndGlobalSection
	GlobalSection(ExtensibilityGlobals) = postSolution
		SolutionGuid = {7C7A048F-C67F-4B2B-B8F2-D6F2FCA4F645}
	EndGlobalSection
EndGlobal
