
Microsoft Visual Studio Solution File, Format Version 12.00
# Visual Studio Version 17
VisualStudioVersion = 17.5.33502.453
MinimumVisualStudioVersion = 10.0.40219.1
Project("{FAE04EC0-301F-11D3-BF4B-00C04F79EFBC}") = "update and delete", "update and delete\update and delete.csproj", "{AE19216F-35D2-43F6-AECE-A708B5995486}"
EndProject
Global
	GlobalSection(SolutionConfigurationPlatforms) = preSolution
		Debug|Any CPU = Debug|Any CPU
		Release|Any CPU = Release|Any CPU
	EndGlobalSection
	GlobalSection(ProjectConfigurationPlatforms) = postSolution
		{AE19216F-35D2-43F6-AECE-A708B5995486}.Debug|Any CPU.ActiveCfg = Debug|Any CPU
		{AE19216F-35D2-43F6-AECE-A708B5995486}.Debug|Any CPU.Build.0 = Debug|Any CPU
		{AE19216F-35D2-43F6-AECE-A708B5995486}.Release|Any CPU.ActiveCfg = Release|Any CPU
		{AE19216F-35D2-43F6-AECE-A708B5995486}.Release|Any CPU.Build.0 = Release|Any CPU
	EndGlobalSection
	GlobalSection(SolutionProperties) = preSolution
		HideSolutionNode = FALSE
	EndGlobalSection
	GlobalSection(ExtensibilityGlobals) = postSolution
		SolutionGuid = {873E7A05-8E9E-4757-B2FF-F360259EEAB8}
	EndGlobalSection
EndGlobal
