
Microsoft Visual Studio Solution File, Format Version 12.00
# Visual Studio Version 17
VisualStudioVersion = 17.5.33502.453
MinimumVisualStudioVersion = 10.0.40219.1
Project("{FAE04EC0-301F-11D3-BF4B-00C04F79EFBC}") = "WebApplication19", "WebApplication19\WebApplication19.csproj", "{4EFA929C-3C4E-4499-8EFA-B3111E0CF155}"
EndProject
Global
	GlobalSection(SolutionConfigurationPlatforms) = preSolution
		Debug|Any CPU = Debug|Any CPU
		Release|Any CPU = Release|Any CPU
	EndGlobalSection
	GlobalSection(ProjectConfigurationPlatforms) = postSolution
		{4EFA929C-3C4E-4499-8EFA-B3111E0CF155}.Debug|Any CPU.ActiveCfg = Debug|Any CPU
		{4EFA929C-3C4E-4499-8EFA-B3111E0CF155}.Debug|Any CPU.Build.0 = Debug|Any CPU
		{4EFA929C-3C4E-4499-8EFA-B3111E0CF155}.Release|Any CPU.ActiveCfg = Release|Any CPU
		{4EFA929C-3C4E-4499-8EFA-B3111E0CF155}.Release|Any CPU.Build.0 = Release|Any CPU
	EndGlobalSection
	GlobalSection(SolutionProperties) = preSolution
		HideSolutionNode = FALSE
	EndGlobalSection
	GlobalSection(ExtensibilityGlobals) = postSolution
		SolutionGuid = {F8077312-9969-4392-984A-7C0C3BB79301}
	EndGlobalSection
EndGlobal
