
Microsoft Visual Studio Solution File, Format Version 12.00
# Visual Studio Version 17
VisualStudioVersion = 17.5.33502.453
MinimumVisualStudioVersion = 10.0.40219.1
Project("{FAE04EC0-301F-11D3-BF4B-00C04F79EFBC}") = "accepting 3 no and print addition of 3 no", "accepting 3 no and print addition of 3 no.\accepting 3 no and print addition of 3 no.csproj", "{4670D03C-A720-42FD-A85E-4003731A614D}"
EndProject
Global
	GlobalSection(SolutionConfigurationPlatforms) = preSolution
		Debug|Any CPU = Debug|Any CPU
		Release|Any CPU = Release|Any CPU
	EndGlobalSection
	GlobalSection(ProjectConfigurationPlatforms) = postSolution
		{4670D03C-A720-42FD-A85E-4003731A614D}.Debug|Any CPU.ActiveCfg = Debug|Any CPU
		{4670D03C-A720-42FD-A85E-4003731A614D}.Debug|Any CPU.Build.0 = Debug|Any CPU
		{4670D03C-A720-42FD-A85E-4003731A614D}.Release|Any CPU.ActiveCfg = Release|Any CPU
		{4670D03C-A720-42FD-A85E-4003731A614D}.Release|Any CPU.Build.0 = Release|Any CPU
	EndGlobalSection
	GlobalSection(SolutionProperties) = preSolution
		HideSolutionNode = FALSE
	EndGlobalSection
	GlobalSection(ExtensibilityGlobals) = postSolution
		SolutionGuid = {F15EEC12-3104-4C6E-8AE8-4942B8971DE8}
	EndGlobalSection
EndGlobal
