
Microsoft Visual Studio Solution File, Format Version 12.00
# Visual Studio Version 17
VisualStudioVersion = 17.5.33502.453
MinimumVisualStudioVersion = 10.0.40219.1
Project("{FAE04EC0-301F-11D3-BF4B-00C04F79EFBC}") = "insertwithajax", "insertwithajax\insertwithajax.csproj", "{852DBEDD-B4C9-468E-821C-8658C9EF4896}"
EndProject
Global
	GlobalSection(SolutionConfigurationPlatforms) = preSolution
		Debug|Any CPU = Debug|Any CPU
		Release|Any CPU = Release|Any CPU
	EndGlobalSection
	GlobalSection(ProjectConfigurationPlatforms) = postSolution
		{852DBEDD-B4C9-468E-821C-8658C9EF4896}.Debug|Any CPU.ActiveCfg = Debug|Any CPU
		{852DBEDD-B4C9-468E-821C-8658C9EF4896}.Debug|Any CPU.Build.0 = Debug|Any CPU
		{852DBEDD-B4C9-468E-821C-8658C9EF4896}.Release|Any CPU.ActiveCfg = Release|Any CPU
		{852DBEDD-B4C9-468E-821C-8658C9EF4896}.Release|Any CPU.Build.0 = Release|Any CPU
	EndGlobalSection
	GlobalSection(SolutionProperties) = preSolution
		HideSolutionNode = FALSE
	EndGlobalSection
	GlobalSection(ExtensibilityGlobals) = postSolution
		SolutionGuid = {9BB4565D-07DC-45FA-8B97-C3AC2A8E1351}
	EndGlobalSection
EndGlobal
