
Microsoft Visual Studio Solution File, Format Version 12.00
# Visual Studio Version 17
VisualStudioVersion = 17.5.33502.453
MinimumVisualStudioVersion = 10.0.40219.1
Project("{FAE04EC0-301F-11D3-BF4B-00C04F79EFBC}") = "project3fendhal", "project3fendhal\project3fendhal.csproj", "{78F4750A-1ACC-497C-92F0-172FD65CB11B}"
EndProject
Global
	GlobalSection(SolutionConfigurationPlatforms) = preSolution
		Debug|Any CPU = Debug|Any CPU
		Release|Any CPU = Release|Any CPU
	EndGlobalSection
	GlobalSection(ProjectConfigurationPlatforms) = postSolution
		{78F4750A-1ACC-497C-92F0-172FD65CB11B}.Debug|Any CPU.ActiveCfg = Debug|Any CPU
		{78F4750A-1ACC-497C-92F0-172FD65CB11B}.Debug|Any CPU.Build.0 = Debug|Any CPU
		{78F4750A-1ACC-497C-92F0-172FD65CB11B}.Release|Any CPU.ActiveCfg = Release|Any CPU
		{78F4750A-1ACC-497C-92F0-172FD65CB11B}.Release|Any CPU.Build.0 = Release|Any CPU
	EndGlobalSection
	GlobalSection(SolutionProperties) = preSolution
		HideSolutionNode = FALSE
	EndGlobalSection
	GlobalSection(ExtensibilityGlobals) = postSolution
		SolutionGuid = {1E73B617-3137-4667-9D98-07FE767B9C55}
	EndGlobalSection
EndGlobal
