
Microsoft Visual Studio Solution File, Format Version 12.00
# Visual Studio Version 17
VisualStudioVersion = 17.5.33502.453
MinimumVisualStudioVersion = 10.0.40219.1
Project("{FAE04EC0-301F-11D3-BF4B-00C04F79EFBC}") = "eample 2", "eample 2\eample 2.csproj", "{F18978EE-EC02-415E-B746-356533B12B8B}"
EndProject
Global
	GlobalSection(SolutionConfigurationPlatforms) = preSolution
		Debug|Any CPU = Debug|Any CPU
		Release|Any CPU = Release|Any CPU
	EndGlobalSection
	GlobalSection(ProjectConfigurationPlatforms) = postSolution
		{F18978EE-EC02-415E-B746-356533B12B8B}.Debug|Any CPU.ActiveCfg = Debug|Any CPU
		{F18978EE-EC02-415E-B746-356533B12B8B}.Debug|Any CPU.Build.0 = Debug|Any CPU
		{F18978EE-EC02-415E-B746-356533B12B8B}.Release|Any CPU.ActiveCfg = Release|Any CPU
		{F18978EE-EC02-415E-B746-356533B12B8B}.Release|Any CPU.Build.0 = Release|Any CPU
	EndGlobalSection
	GlobalSection(SolutionProperties) = preSolution
		HideSolutionNode = FALSE
	EndGlobalSection
	GlobalSection(ExtensibilityGlobals) = postSolution
		SolutionGuid = {BAC62D9A-83DE-4BCF-8378-3261FBC584B8}
	EndGlobalSection
EndGlobal
