
Microsoft Visual Studio Solution File, Format Version 12.00
# Visual Studio Version 17
VisualStudioVersion = 17.5.33502.453
MinimumVisualStudioVersion = 10.0.40219.1
Project("{FAE04EC0-301F-11D3-BF4B-00C04F79EFBC}") = "accept rno, name , age , course , mobileno and print it", "accept rno, name , age , course , mobileno and print it\accept rno, name , age , course , mobileno and print it.csproj", "{D9EC240E-5A62-495D-B363-6CEE00E018E4}"
EndProject
Global
	GlobalSection(SolutionConfigurationPlatforms) = preSolution
		Debug|Any CPU = Debug|Any CPU
		Release|Any CPU = Release|Any CPU
	EndGlobalSection
	GlobalSection(ProjectConfigurationPlatforms) = postSolution
		{D9EC240E-5A62-495D-B363-6CEE00E018E4}.Debug|Any CPU.ActiveCfg = Debug|Any CPU
		{D9EC240E-5A62-495D-B363-6CEE00E018E4}.Debug|Any CPU.Build.0 = Debug|Any CPU
		{D9EC240E-5A62-495D-B363-6CEE00E018E4}.Release|Any CPU.ActiveCfg = Release|Any CPU
		{D9EC240E-5A62-495D-B363-6CEE00E018E4}.Release|Any CPU.Build.0 = Release|Any CPU
	EndGlobalSection
	GlobalSection(SolutionProperties) = preSolution
		HideSolutionNode = FALSE
	EndGlobalSection
	GlobalSection(ExtensibilityGlobals) = postSolution
		SolutionGuid = {F137F025-25A8-441A-84BC-A5879A8AD23E}
	EndGlobalSection
EndGlobal
