
Microsoft Visual Studio Solution File, Format Version 12.00
# Visual Studio Version 17
VisualStudioVersion = 17.5.33502.453
MinimumVisualStudioVersion = 10.0.40219.1
Project("{FAE04EC0-301F-11D3-BF4B-00C04F79EFBC}") = "enttity2", "enttity2\enttity2.csproj", "{DC12F0EE-FD98-497B-9C2E-E561E8F9E99E}"
EndProject
Global
	GlobalSection(SolutionConfigurationPlatforms) = preSolution
		Debug|Any CPU = Debug|Any CPU
		Release|Any CPU = Release|Any CPU
	EndGlobalSection
	GlobalSection(ProjectConfigurationPlatforms) = postSolution
		{DC12F0EE-FD98-497B-9C2E-E561E8F9E99E}.Debug|Any CPU.ActiveCfg = Debug|Any CPU
		{DC12F0EE-FD98-497B-9C2E-E561E8F9E99E}.Debug|Any CPU.Build.0 = Debug|Any CPU
		{DC12F0EE-FD98-497B-9C2E-E561E8F9E99E}.Release|Any CPU.ActiveCfg = Release|Any CPU
		{DC12F0EE-FD98-497B-9C2E-E561E8F9E99E}.Release|Any CPU.Build.0 = Release|Any CPU
	EndGlobalSection
	GlobalSection(SolutionProperties) = preSolution
		HideSolutionNode = FALSE
	EndGlobalSection
	GlobalSection(ExtensibilityGlobals) = postSolution
		SolutionGuid = {2796343D-8D73-4E86-8131-3D7C7F7CAD30}
	EndGlobalSection
EndGlobal
