
Microsoft Visual Studio Solution File, Format Version 12.00
# Visual Studio Version 17
VisualStudioVersion = 17.5.33502.453
MinimumVisualStudioVersion = 10.0.40219.1
Project("{FAE04EC0-301F-11D3-BF4B-00C04F79EFBC}") = "1stsampple", "1stsampple\1stsampple.csproj", "{499F0EA9-340E-4952-84C5-A7FEF00D0B67}"
EndProject
Global
	GlobalSection(SolutionConfigurationPlatforms) = preSolution
		Debug|Any CPU = Debug|Any CPU
		Release|Any CPU = Release|Any CPU
	EndGlobalSection
	GlobalSection(ProjectConfigurationPlatforms) = postSolution
		{499F0EA9-340E-4952-84C5-A7FEF00D0B67}.Debug|Any CPU.ActiveCfg = Debug|Any CPU
		{499F0EA9-340E-4952-84C5-A7FEF00D0B67}.Debug|Any CPU.Build.0 = Debug|Any CPU
		{499F0EA9-340E-4952-84C5-A7FEF00D0B67}.Release|Any CPU.ActiveCfg = Release|Any CPU
		{499F0EA9-340E-4952-84C5-A7FEF00D0B67}.Release|Any CPU.Build.0 = Release|Any CPU
	EndGlobalSection
	GlobalSection(SolutionProperties) = preSolution
		HideSolutionNode = FALSE
	EndGlobalSection
	GlobalSection(ExtensibilityGlobals) = postSolution
		SolutionGuid = {FDA574FF-2F28-4EB6-83F8-C05768E27181}
	EndGlobalSection
EndGlobal
