
Microsoft Visual Studio Solution File, Format Version 12.00
# Visual Studio Version 17
VisualStudioVersion = 17.5.33502.453
MinimumVisualStudioVersion = 10.0.40219.1
Project("{FAE04EC0-301F-11D3-BF4B-00C04F79EFBC}") = "creating table by one parameter", "creating table by one parameter\creating table by one parameter.csproj", "{97B8D385-901D-4FAE-8DEB-064C9E139F07}"
EndProject
Global
	GlobalSection(SolutionConfigurationPlatforms) = preSolution
		Debug|Any CPU = Debug|Any CPU
		Release|Any CPU = Release|Any CPU
	EndGlobalSection
	GlobalSection(ProjectConfigurationPlatforms) = postSolution
		{97B8D385-901D-4FAE-8DEB-064C9E139F07}.Debug|Any CPU.ActiveCfg = Debug|Any CPU
		{97B8D385-901D-4FAE-8DEB-064C9E139F07}.Debug|Any CPU.Build.0 = Debug|Any CPU
		{97B8D385-901D-4FAE-8DEB-064C9E139F07}.Release|Any CPU.ActiveCfg = Release|Any CPU
		{97B8D385-901D-4FAE-8DEB-064C9E139F07}.Release|Any CPU.Build.0 = Release|Any CPU
	EndGlobalSection
	GlobalSection(SolutionProperties) = preSolution
		HideSolutionNode = FALSE
	EndGlobalSection
	GlobalSection(ExtensibilityGlobals) = postSolution
		SolutionGuid = {84B42102-83A7-4F4D-AC15-F1D5C3A2BB8E}
	EndGlobalSection
EndGlobal
