
Microsoft Visual Studio Solution File, Format Version 12.00
# Visual Studio Version 17
VisualStudioVersion = 17.5.33502.453
MinimumVisualStudioVersion = 10.0.40219.1
Project("{FAE04EC0-301F-11D3-BF4B-00C04F79EFBC}") = "WebApplication13", "WebApplication13\WebApplication13.csproj", "{58F2D463-E57E-4559-A609-C119011F961B}"
EndProject
Global
	GlobalSection(SolutionConfigurationPlatforms) = preSolution
		Debug|Any CPU = Debug|Any CPU
		Release|Any CPU = Release|Any CPU
	EndGlobalSection
	GlobalSection(ProjectConfigurationPlatforms) = postSolution
		{58F2D463-E57E-4559-A609-C119011F961B}.Debug|Any CPU.ActiveCfg = Debug|Any CPU
		{58F2D463-E57E-4559-A609-C119011F961B}.Debug|Any CPU.Build.0 = Debug|Any CPU
		{58F2D463-E57E-4559-A609-C119011F961B}.Release|Any CPU.ActiveCfg = Release|Any CPU
		{58F2D463-E57E-4559-A609-C119011F961B}.Release|Any CPU.Build.0 = Release|Any CPU
	EndGlobalSection
	GlobalSection(SolutionProperties) = preSolution
		HideSolutionNode = FALSE
	EndGlobalSection
	GlobalSection(ExtensibilityGlobals) = postSolution
		SolutionGuid = {435240CA-55BD-4936-8BED-8A5748C52782}
	EndGlobalSection
EndGlobal
