
Microsoft Visual Studio Solution File, Format Version 12.00
# Visual Studio Version 17
VisualStudioVersion = 17.5.33502.453
MinimumVisualStudioVersion = 10.0.40219.1
Project("{FAE04EC0-301F-11D3-BF4B-00C04F79EFBC}") = "templates", "templates\templates.csproj", "{1532F67A-8EF6-4466-86A1-C6DEE5EFA887}"
EndProject
Global
	GlobalSection(SolutionConfigurationPlatforms) = preSolution
		Debug|Any CPU = Debug|Any CPU
		Release|Any CPU = Release|Any CPU
	EndGlobalSection
	GlobalSection(ProjectConfigurationPlatforms) = postSolution
		{1532F67A-8EF6-4466-86A1-C6DEE5EFA887}.Debug|Any CPU.ActiveCfg = Debug|Any CPU
		{1532F67A-8EF6-4466-86A1-C6DEE5EFA887}.Debug|Any CPU.Build.0 = Debug|Any CPU
		{1532F67A-8EF6-4466-86A1-C6DEE5EFA887}.Release|Any CPU.ActiveCfg = Release|Any CPU
		{1532F67A-8EF6-4466-86A1-C6DEE5EFA887}.Release|Any CPU.Build.0 = Release|Any CPU
	EndGlobalSection
	GlobalSection(SolutionProperties) = preSolution
		HideSolutionNode = FALSE
	EndGlobalSection
	GlobalSection(ExtensibilityGlobals) = postSolution
		SolutionGuid = {D77DDEC0-12DE-43BE-9D52-A2A2F9404283}
	EndGlobalSection
EndGlobal
