
Microsoft Visual Studio Solution File, Format Version 12.00
# Visual Studio Version 17
VisualStudioVersion = 17.5.33502.453
MinimumVisualStudioVersion = 10.0.40219.1
Project("{FAE04EC0-301F-11D3-BF4B-00C04F79EFBC}") = "method with parameter and returning value", "method with parameter and returning value\method with parameter and returning value.csproj", "{CB95BBC1-4A5E-48BC-9597-5D56285A5030}"
EndProject
Global
	GlobalSection(SolutionConfigurationPlatforms) = preSolution
		Debug|Any CPU = Debug|Any CPU
		Release|Any CPU = Release|Any CPU
	EndGlobalSection
	GlobalSection(ProjectConfigurationPlatforms) = postSolution
		{CB95BBC1-4A5E-48BC-9597-5D56285A5030}.Debug|Any CPU.ActiveCfg = Debug|Any CPU
		{CB95BBC1-4A5E-48BC-9597-5D56285A5030}.Debug|Any CPU.Build.0 = Debug|Any CPU
		{CB95BBC1-4A5E-48BC-9597-5D56285A5030}.Release|Any CPU.ActiveCfg = Release|Any CPU
		{CB95BBC1-4A5E-48BC-9597-5D56285A5030}.Release|Any CPU.Build.0 = Release|Any CPU
	EndGlobalSection
	GlobalSection(SolutionProperties) = preSolution
		HideSolutionNode = FALSE
	EndGlobalSection
	GlobalSection(ExtensibilityGlobals) = postSolution
		SolutionGuid = {E5C00E14-C3CF-4555-960F-29614D57BE7A}
	EndGlobalSection
EndGlobal
