
Microsoft Visual Studio Solution File, Format Version 12.00
# Visual Studio Version 17
VisualStudioVersion = 17.5.33502.453
MinimumVisualStudioVersion = 10.0.40219.1
Project("{FAE04EC0-301F-11D3-BF4B-00C04F79EFBC}") = "WindowsFormsApp1", "WindowsFormsApp1\WindowsFormsApp1.csproj", "{58E91135-7FAF-4FE0-AB74-F125FF5D5E5A}"
EndProject
Global
	GlobalSection(SolutionConfigurationPlatforms) = preSolution
		Debug|Any CPU = Debug|Any CPU
		Release|Any CPU = Release|Any CPU
	EndGlobalSection
	GlobalSection(ProjectConfigurationPlatforms) = postSolution
		{58E91135-7FAF-4FE0-AB74-F125FF5D5E5A}.Debug|Any CPU.ActiveCfg = Debug|Any CPU
		{58E91135-7FAF-4FE0-AB74-F125FF5D5E5A}.Debug|Any CPU.Build.0 = Debug|Any CPU
		{58E91135-7FAF-4FE0-AB74-F125FF5D5E5A}.Release|Any CPU.ActiveCfg = Release|Any CPU
		{58E91135-7FAF-4FE0-AB74-F125FF5D5E5A}.Release|Any CPU.Build.0 = Release|Any CPU
	EndGlobalSection
	GlobalSection(SolutionProperties) = preSolution
		HideSolutionNode = FALSE
	EndGlobalSection
	GlobalSection(ExtensibilityGlobals) = postSolution
		SolutionGuid = {98885FC6-F713-47F9-A6A4-56B80EEEB7B2}
	EndGlobalSection
EndGlobal
