
Microsoft Visual Studio Solution File, Format Version 12.00
# Visual Studio Version 17
VisualStudioVersion = 17.5.33502.453
MinimumVisualStudioVersion = 10.0.40219.1
Project("{FAE04EC0-301F-11D3-BF4B-00C04F79EFBC}") = "WebApplication14", "WebApplication14\WebApplication14.csproj", "{33A04CC5-DEE3-4D09-BFA7-393FF7F6BCA8}"
EndProject
Global
	GlobalSection(SolutionConfigurationPlatforms) = preSolution
		Debug|Any CPU = Debug|Any CPU
		Release|Any CPU = Release|Any CPU
	EndGlobalSection
	GlobalSection(ProjectConfigurationPlatforms) = postSolution
		{33A04CC5-DEE3-4D09-BFA7-393FF7F6BCA8}.Debug|Any CPU.ActiveCfg = Debug|Any CPU
		{33A04CC5-DEE3-4D09-BFA7-393FF7F6BCA8}.Debug|Any CPU.Build.0 = Debug|Any CPU
		{33A04CC5-DEE3-4D09-BFA7-393FF7F6BCA8}.Release|Any CPU.ActiveCfg = Release|Any CPU
		{33A04CC5-DEE3-4D09-BFA7-393FF7F6BCA8}.Release|Any CPU.Build.0 = Release|Any CPU
	EndGlobalSection
	GlobalSection(SolutionProperties) = preSolution
		HideSolutionNode = FALSE
	EndGlobalSection
	GlobalSection(ExtensibilityGlobals) = postSolution
		SolutionGuid = {CFE8BAC9-82EE-40D5-B124-C390EEF8BE7A}
	EndGlobalSection
EndGlobal
