
Microsoft Visual Studio Solution File, Format Version 12.00
# Visual Studio Version 17
VisualStudioVersion = 17.5.33502.453
MinimumVisualStudioVersion = 10.0.40219.1
Project("{FAE04EC0-301F-11D3-BF4B-00C04F79EFBC}") = "out parameter", "out parameter\out parameter.csproj", "{39943BFE-49EC-4B60-9879-1F887582821D}"
EndProject
Global
	GlobalSection(SolutionConfigurationPlatforms) = preSolution
		Debug|Any CPU = Debug|Any CPU
		Release|Any CPU = Release|Any CPU
	EndGlobalSection
	GlobalSection(ProjectConfigurationPlatforms) = postSolution
		{39943BFE-49EC-4B60-9879-1F887582821D}.Debug|Any CPU.ActiveCfg = Debug|Any CPU
		{39943BFE-49EC-4B60-9879-1F887582821D}.Debug|Any CPU.Build.0 = Debug|Any CPU
		{39943BFE-49EC-4B60-9879-1F887582821D}.Release|Any CPU.ActiveCfg = Release|Any CPU
		{39943BFE-49EC-4B60-9879-1F887582821D}.Release|Any CPU.Build.0 = Release|Any CPU
	EndGlobalSection
	GlobalSection(SolutionProperties) = preSolution
		HideSolutionNode = FALSE
	EndGlobalSection
	GlobalSection(ExtensibilityGlobals) = postSolution
		SolutionGuid = {6B7B9B4D-AB01-4134-8277-83074CCBE657}
	EndGlobalSection
EndGlobal
