
Microsoft Visual Studio Solution File, Format Version 12.00
# Visual Studio Version 17
VisualStudioVersion = 17.5.33502.453
MinimumVisualStudioVersion = 10.0.40219.1
Project("{FAE04EC0-301F-11D3-BF4B-00C04F79EFBC}") = "WebApplication2", "WebApplication2\WebApplication2.csproj", "{2C8313FB-EFA9-4178-82ED-AE1CA4416B62}"
EndProject
Global
	GlobalSection(SolutionConfigurationPlatforms) = preSolution
		Debug|Any CPU = Debug|Any CPU
		Release|Any CPU = Release|Any CPU
	EndGlobalSection
	GlobalSection(ProjectConfigurationPlatforms) = postSolution
		{2C8313FB-EFA9-4178-82ED-AE1CA4416B62}.Debug|Any CPU.ActiveCfg = Debug|Any CPU
		{2C8313FB-EFA9-4178-82ED-AE1CA4416B62}.Debug|Any CPU.Build.0 = Debug|Any CPU
		{2C8313FB-EFA9-4178-82ED-AE1CA4416B62}.Release|Any CPU.ActiveCfg = Release|Any CPU
		{2C8313FB-EFA9-4178-82ED-AE1CA4416B62}.Release|Any CPU.Build.0 = Release|Any CPU
	EndGlobalSection
	GlobalSection(SolutionProperties) = preSolution
		HideSolutionNode = FALSE
	EndGlobalSection
	GlobalSection(ExtensibilityGlobals) = postSolution
		SolutionGuid = {86F0BBCE-47DC-4871-A496-EB808175A2A1}
	EndGlobalSection
EndGlobal
