
Microsoft Visual Studio Solution File, Format Version 12.00
# Visual Studio Version 17
VisualStudioVersion = 17.5.33502.453
MinimumVisualStudioVersion = 10.0.40219.1
Project("{FAE04EC0-301F-11D3-BF4B-00C04F79EFBC}") = "method overiding", "method overiding\method overiding.csproj", "{9850DE17-E6D9-4F61-8F05-B3CA5CB128F2}"
EndProject
Global
	GlobalSection(SolutionConfigurationPlatforms) = preSolution
		Debug|Any CPU = Debug|Any CPU
		Release|Any CPU = Release|Any CPU
	EndGlobalSection
	GlobalSection(ProjectConfigurationPlatforms) = postSolution
		{9850DE17-E6D9-4F61-8F05-B3CA5CB128F2}.Debug|Any CPU.ActiveCfg = Debug|Any CPU
		{9850DE17-E6D9-4F61-8F05-B3CA5CB128F2}.Debug|Any CPU.Build.0 = Debug|Any CPU
		{9850DE17-E6D9-4F61-8F05-B3CA5CB128F2}.Release|Any CPU.ActiveCfg = Release|Any CPU
		{9850DE17-E6D9-4F61-8F05-B3CA5CB128F2}.Release|Any CPU.Build.0 = Release|Any CPU
	EndGlobalSection
	GlobalSection(SolutionProperties) = preSolution
		HideSolutionNode = FALSE
	EndGlobalSection
	GlobalSection(ExtensibilityGlobals) = postSolution
		SolutionGuid = {F6618711-10E1-4089-84E2-28CCFF228B76}
	EndGlobalSection
EndGlobal
