
Microsoft Visual Studio Solution File, Format Version 12.00
# Visual Studio Version 17
VisualStudioVersion = 17.5.33502.453
MinimumVisualStudioVersion = 10.0.40219.1
Project("{FAE04EC0-301F-11D3-BF4B-00C04F79EFBC}") = "masterPage", "masterPage\masterPage.csproj", "{083EC727-A2F6-4DCD-8246-8E1A79E56F3D}"
EndProject
Global
	GlobalSection(SolutionConfigurationPlatforms) = preSolution
		Debug|Any CPU = Debug|Any CPU
		Release|Any CPU = Release|Any CPU
	EndGlobalSection
	GlobalSection(ProjectConfigurationPlatforms) = postSolution
		{083EC727-A2F6-4DCD-8246-8E1A79E56F3D}.Debug|Any CPU.ActiveCfg = Debug|Any CPU
		{083EC727-A2F6-4DCD-8246-8E1A79E56F3D}.Debug|Any CPU.Build.0 = Debug|Any CPU
		{083EC727-A2F6-4DCD-8246-8E1A79E56F3D}.Release|Any CPU.ActiveCfg = Release|Any CPU
		{083EC727-A2F6-4DCD-8246-8E1A79E56F3D}.Release|Any CPU.Build.0 = Release|Any CPU
	EndGlobalSection
	GlobalSection(SolutionProperties) = preSolution
		HideSolutionNode = FALSE
	EndGlobalSection
	GlobalSection(ExtensibilityGlobals) = postSolution
		SolutionGuid = {D3D61F35-00DC-4CB1-AA30-ACD2B508EA2A}
	EndGlobalSection
EndGlobal
