
Microsoft Visual Studio Solution File, Format Version 12.00
# Visual Studio Version 17
VisualStudioVersion = 17.5.33502.453
MinimumVisualStudioVersion = 10.0.40219.1
Project("{FAE04EC0-301F-11D3-BF4B-00C04F79EFBC}") = "accept length and breadth and print area of a rectangle", "accept length and breadth and print area of a rectangle\accept length and breadth and print area of a rectangle.csproj", "{24FF7707-EF04-4CDA-B28F-1812017930D2}"
EndProject
Global
	GlobalSection(SolutionConfigurationPlatforms) = preSolution
		Debug|Any CPU = Debug|Any CPU
		Release|Any CPU = Release|Any CPU
	EndGlobalSection
	GlobalSection(ProjectConfigurationPlatforms) = postSolution
		{24FF7707-EF04-4CDA-B28F-1812017930D2}.Debug|Any CPU.ActiveCfg = Debug|Any CPU
		{24FF7707-EF04-4CDA-B28F-1812017930D2}.Debug|Any CPU.Build.0 = Debug|Any CPU
		{24FF7707-EF04-4CDA-B28F-1812017930D2}.Release|Any CPU.ActiveCfg = Release|Any CPU
		{24FF7707-EF04-4CDA-B28F-1812017930D2}.Release|Any CPU.Build.0 = Release|Any CPU
	EndGlobalSection
	GlobalSection(SolutionProperties) = preSolution
		HideSolutionNode = FALSE
	EndGlobalSection
	GlobalSection(ExtensibilityGlobals) = postSolution
		SolutionGuid = {DD976A90-07B2-40B3-AF50-C49D088B3677}
	EndGlobalSection
EndGlobal
